
Microsoft Visual Studio Solution File, Format Version 12.00
# Visual Studio Version 16
VisualStudioVersion = 16.0.30413.136
MinimumVisualStudioVersion = 10.0.40219.1
Project("{FAE04EC0-301F-11D3-BF4B-00C04F79EFBC}") = "rector_blog", "rector_blog.csproj", "{0737DADD-E690-4183-978E-5E983E082D15}"
EndProject
Project("{FAE04EC0-301F-11D3-BF4B-00C04F79EFBC}") = "rector_blog.Tests", "..\rector_blog.Tests\rector_blog.Tests.csproj", "{1B62F227-7581-4EB8-AD59-ADFDE7D3E2B3}"
EndProject
Global
	GlobalSection(SolutionConfigurationPlatforms) = preSolution
		Debug|Any CPU = Debug|Any CPU
		Release|Any CPU = Release|Any CPU
	EndGlobalSection
	GlobalSection(ProjectConfigurationPlatforms) = postSolution
		{0737DADD-E690-4183-978E-5E983E082D15}.Debug|Any CPU.ActiveCfg = Debug|Any CPU
		{0737DADD-E690-4183-978E-5E983E082D15}.Debug|Any CPU.Build.0 = Debug|Any CPU
		{0737DADD-E690-4183-978E-5E983E082D15}.Release|Any CPU.ActiveCfg = Release|Any CPU
		{0737DADD-E690-4183-978E-5E983E082D15}.Release|Any CPU.Build.0 = Release|Any CPU
		{1B62F227-7581-4EB8-AD59-ADFDE7D3E2B3}.Debug|Any CPU.ActiveCfg = Debug|Any CPU
		{1B62F227-7581-4EB8-AD59-ADFDE7D3E2B3}.Debug|Any CPU.Build.0 = Debug|Any CPU
		{1B62F227-7581-4EB8-AD59-ADFDE7D3E2B3}.Release|Any CPU.ActiveCfg = Release|Any CPU
		{1B62F227-7581-4EB8-AD59-ADFDE7D3E2B3}.Release|Any CPU.Build.0 = Release|Any CPU
	EndGlobalSection
	GlobalSection(SolutionProperties) = preSolution
		HideSolutionNode = FALSE
	EndGlobalSection
	GlobalSection(ExtensibilityGlobals) = postSolution
		SolutionGuid = {80F461E9-98D6-4B9B-AA7E-DD727E8DC96E}
	EndGlobalSection
EndGlobal
